
Microsoft Visual Studio Solution File, Format Version 12.00
# Visual Studio 2013
VisualStudioVersion = 12.0.21005.1
MinimumVisualStudioVersion = 10.0.40219.1
Project("{FAE04EC0-301F-11D3-BF4B-00C04F79EFBC}") = "SharePointRxJS", "SharePointRxJS\SharePointRxJS.csproj", "{ABC547AE-6FFE-49BE-8A2E-6CEE1E8D3316}"
EndProject
Project("{2150E333-8FDC-42A3-9474-1A3956D46DE8}") = ".nuget", ".nuget", "{65D1A271-B157-4349-BF00-429AA386AE85}"
	ProjectSection(SolutionItems) = preProject
		.nuget\packages.config = .nuget\packages.config
	EndProjectSection
EndProject
Global
	GlobalSection(SolutionConfigurationPlatforms) = preSolution
		Debug|Any CPU = Debug|Any CPU
		Release|Any CPU = Release|Any CPU
	EndGlobalSection
	GlobalSection(ProjectConfigurationPlatforms) = postSolution
		{ABC547AE-6FFE-49BE-8A2E-6CEE1E8D3316}.Debug|Any CPU.ActiveCfg = Debug|Any CPU
		{ABC547AE-6FFE-49BE-8A2E-6CEE1E8D3316}.Debug|Any CPU.Build.0 = Debug|Any CPU
		{ABC547AE-6FFE-49BE-8A2E-6CEE1E8D3316}.Debug|Any CPU.Deploy.0 = Debug|Any CPU
		{ABC547AE-6FFE-49BE-8A2E-6CEE1E8D3316}.Release|Any CPU.ActiveCfg = Release|Any CPU
		{ABC547AE-6FFE-49BE-8A2E-6CEE1E8D3316}.Release|Any CPU.Build.0 = Release|Any CPU
		{ABC547AE-6FFE-49BE-8A2E-6CEE1E8D3316}.Release|Any CPU.Deploy.0 = Release|Any CPU
	EndGlobalSection
	GlobalSection(SolutionProperties) = preSolution
		HideSolutionNode = FALSE
	EndGlobalSection
EndGlobal
